// !$*UTF8*$!
{
	archiveVersion = 1;
	classes = {
	};
	objectVersion = 46;
	objects = {

/* Begin PBXBuildFile section */
		E0002FDA1A797CC3001C5453 /* help.html in Resources */ = {isa = PBXBuildFile; fileRef = E0002FD91A797CC3001C5453 /* help.html */; };
		E0002FE01A79813B001C5453 /* example-inscription.jpg in Resources */ = {isa = PBXBuildFile; fileRef = E0002FDF1A79813B001C5453 /* example-inscription.jpg */; };
		E00A396F1A7EB0E400663C9F /* Images.xcassets in Resources */ = {isa = PBXBuildFile; fileRef = E00A396E1A7EB0E400663C9F /* Images.xcassets */; };
		E01898861A631B6A00622CEB /* EmperorsViewController.m in Sources */ = {isa = PBXBuildFile; fileRef = E01898851A631B6A00622CEB /* EmperorsViewController.m */; };
		E01898881A631DD700622CEB /* emperors.json in Resources */ = {isa = PBXBuildFile; fileRef = E01898871A631DD700622CEB /* emperors.json */; };
		E01C899F1A63152100946C7C /* main.m in Sources */ = {isa = PBXBuildFile; fileRef = E01C899E1A63152100946C7C /* main.m */; };
		E01C89A21A63152100946C7C /* AppDelegate.m in Sources */ = {isa = PBXBuildFile; fileRef = E01C89A11A63152100946C7C /* AppDelegate.m */; };
		E01C89AD1A63152100946C7C /* LaunchScreen.xib in Resources */ = {isa = PBXBuildFile; fileRef = E01C89AB1A63152100946C7C /* LaunchScreen.xib */; };
		E01C89B91A63152100946C7C /* emperorsTests.m in Sources */ = {isa = PBXBuildFile; fileRef = E01C89B81A63152100946C7C /* emperorsTests.m */; };
		E0300CA01A64749F008D5548 /* TitlesViewController.m in Sources */ = {isa = PBXBuildFile; fileRef = E0300C9F1A64749F008D5548 /* TitlesViewController.m */; };
		E0300CBA1A64D8BF008D5548 /* dates.json in Resources */ = {isa = PBXBuildFile; fileRef = E0300CB91A64D8BF008D5548 /* dates.json */; };
		E07360691A799ED500A3F651 /* DefaultTitlesView.xib in Resources */ = {isa = PBXBuildFile; fileRef = E07360681A799ED500A3F651 /* DefaultTitlesView.xib */; };
		E0750CF21A64681A00145B79 /* EmperorCell.m in Sources */ = {isa = PBXBuildFile; fileRef = E0750CF11A64681A00145B79 /* EmperorCell.m */; };
		E093FC811A7DE15300072A89 /* bootstrap.css in Resources */ = {isa = PBXBuildFile; fileRef = E093FC801A7DE15300072A89 /* bootstrap.css */; };
		E093FC861A7DEDC100072A89 /* ModalWebViewController.m in Sources */ = {isa = PBXBuildFile; fileRef = E093FC851A7DEDC100072A89 /* ModalWebViewController.m */; };
		E093FC8A1A7DFB8200072A89 /* about.html in Resources */ = {isa = PBXBuildFile; fileRef = E093FC891A7DFB8200072A89 /* about.html */; };
		E093FC8C1A7E13FC00072A89 /* ModalWebView.xib in Resources */ = {isa = PBXBuildFile; fileRef = E093FC8B1A7E13FC00072A89 /* ModalWebView.xib */; };
		E0B233B11A6979B500052C19 /* NameCell.m in Sources */ = {isa = PBXBuildFile; fileRef = E0B233B01A6979B500052C19 /* NameCell.m */; };
		E0B233B41A69982500052C19 /* SortCell.m in Sources */ = {isa = PBXBuildFile; fileRef = E0B233B31A69982500052C19 /* SortCell.m */; };
		E0D59EAE1BCB122A00282DEA /* EmperorShareProvider.swift in Sources */ = {isa = PBXBuildFile; fileRef = E0D59EAD1BCB122A00282DEA /* EmperorShareProvider.swift */; };
		E0D8A1231A6C53DF00F9FECB /* Main.storyboard in Resources */ = {isa = PBXBuildFile; fileRef = E0D8A1211A6C53DF00F9FECB /* Main.storyboard */; };
/* End PBXBuildFile section */

/* Begin PBXContainerItemProxy section */
		E01C89B31A63152100946C7C /* PBXContainerItemProxy */ = {
			isa = PBXContainerItemProxy;
			containerPortal = E01C89911A63152100946C7C /* Project object */;
			proxyType = 1;
			remoteGlobalIDString = E01C89981A63152100946C7C;
			remoteInfo = emperors;
		};
/* End PBXContainerItemProxy section */

/* Begin PBXFileReference section */
		E0002FD91A797CC3001C5453 /* help.html */ = {isa = PBXFileReference; fileEncoding = 4; lastKnownFileType = text.html; path = help.html; sourceTree = "<group>"; };
		E0002FDF1A79813B001C5453 /* example-inscription.jpg */ = {isa = PBXFileReference; lastKnownFileType = image.jpeg; path = "example-inscription.jpg"; sourceTree = "<group>"; };
		E00A396E1A7EB0E400663C9F /* Images.xcassets */ = {isa = PBXFileReference; lastKnownFileType = folder.assetcatalog; path = Images.xcassets; sourceTree = "<group>"; };
		E01898841A631B6A00622CEB /* EmperorsViewController.h */ = {isa = PBXFileReference; fileEncoding = 4; lastKnownFileType = sourcecode.c.h; path = EmperorsViewController.h; sourceTree = "<group>"; };
		E01898851A631B6A00622CEB /* EmperorsViewController.m */ = {isa = PBXFileReference; fileEncoding = 4; lastKnownFileType = sourcecode.c.objc; path = EmperorsViewController.m; sourceTree = "<group>"; };
		E01898871A631DD700622CEB /* emperors.json */ = {isa = PBXFileReference; fileEncoding = 4; lastKnownFileType = text.json; path = emperors.json; sourceTree = "<group>"; };
		E01C89991A63152100946C7C /* Emperors.app */ = {isa = PBXFileReference; explicitFileType = wrapper.application; includeInIndex = 0; path = Emperors.app; sourceTree = BUILT_PRODUCTS_DIR; };
		E01C899D1A63152100946C7C /* Info.plist */ = {isa = PBXFileReference; lastKnownFileType = text.plist.xml; path = Info.plist; sourceTree = "<group>"; };
		E01C899E1A63152100946C7C /* main.m */ = {isa = PBXFileReference; lastKnownFileType = sourcecode.c.objc; path = main.m; sourceTree = "<group>"; };
		E01C89A01A63152100946C7C /* AppDelegate.h */ = {isa = PBXFileReference; lastKnownFileType = sourcecode.c.h; path = AppDelegate.h; sourceTree = "<group>"; };
		E01C89A11A63152100946C7C /* AppDelegate.m */ = {isa = PBXFileReference; lastKnownFileType = sourcecode.c.objc; path = AppDelegate.m; sourceTree = "<group>"; };
		E01C89AC1A63152100946C7C /* Base */ = {isa = PBXFileReference; lastKnownFileType = file.xib; name = Base; path = Base.lproj/LaunchScreen.xib; sourceTree = "<group>"; };
		E01C89B21A63152100946C7C /* emperorsTests.xctest */ = {isa = PBXFileReference; explicitFileType = wrapper.cfbundle; includeInIndex = 0; path = emperorsTests.xctest; sourceTree = BUILT_PRODUCTS_DIR; };
		E01C89B71A63152100946C7C /* Info.plist */ = {isa = PBXFileReference; lastKnownFileType = text.plist.xml; path = Info.plist; sourceTree = "<group>"; };
		E01C89B81A63152100946C7C /* emperorsTests.m */ = {isa = PBXFileReference; lastKnownFileType = sourcecode.c.objc; path = emperorsTests.m; sourceTree = "<group>"; };
		E0300C9E1A64749F008D5548 /* TitlesViewController.h */ = {isa = PBXFileReference; fileEncoding = 4; lastKnownFileType = sourcecode.c.h; path = TitlesViewController.h; sourceTree = "<group>"; };
		E0300C9F1A64749F008D5548 /* TitlesViewController.m */ = {isa = PBXFileReference; fileEncoding = 4; lastKnownFileType = sourcecode.c.objc; path = TitlesViewController.m; sourceTree = "<group>"; };
		E0300CB91A64D8BF008D5548 /* dates.json */ = {isa = PBXFileReference; fileEncoding = 4; lastKnownFileType = text.json; path = dates.json; sourceTree = "<group>"; };
		E07360681A799ED500A3F651 /* DefaultTitlesView.xib */ = {isa = PBXFileReference; fileEncoding = 4; lastKnownFileType = file.xib; path = DefaultTitlesView.xib; sourceTree = "<group>"; };
		E0750CF01A64681A00145B79 /* EmperorCell.h */ = {isa = PBXFileReference; fileEncoding = 4; lastKnownFileType = sourcecode.c.h; path = EmperorCell.h; sourceTree = "<group>"; };
		E0750CF11A64681A00145B79 /* EmperorCell.m */ = {isa = PBXFileReference; fileEncoding = 4; lastKnownFileType = sourcecode.c.objc; path = EmperorCell.m; sourceTree = "<group>"; };
		E093FC801A7DE15300072A89 /* bootstrap.css */ = {isa = PBXFileReference; fileEncoding = 4; lastKnownFileType = text.css; path = bootstrap.css; sourceTree = "<group>"; };
		E093FC841A7DEDC100072A89 /* ModalWebViewController.h */ = {isa = PBXFileReference; fileEncoding = 4; lastKnownFileType = sourcecode.c.h; path = ModalWebViewController.h; sourceTree = "<group>"; };
		E093FC851A7DEDC100072A89 /* ModalWebViewController.m */ = {isa = PBXFileReference; fileEncoding = 4; lastKnownFileType = sourcecode.c.objc; path = ModalWebViewController.m; sourceTree = "<group>"; };
		E093FC891A7DFB8200072A89 /* about.html */ = {isa = PBXFileReference; fileEncoding = 4; lastKnownFileType = text.html; path = about.html; sourceTree = "<group>"; };
		E093FC8B1A7E13FC00072A89 /* ModalWebView.xib */ = {isa = PBXFileReference; fileEncoding = 4; lastKnownFileType = file.xib; path = ModalWebView.xib; sourceTree = "<group>"; };
		E0B233AF1A6979B500052C19 /* NameCell.h */ = {isa = PBXFileReference; fileEncoding = 4; lastKnownFileType = sourcecode.c.h; path = NameCell.h; sourceTree = "<group>"; };
		E0B233B01A6979B500052C19 /* NameCell.m */ = {isa = PBXFileReference; fileEncoding = 4; lastKnownFileType = sourcecode.c.objc; path = NameCell.m; sourceTree = "<group>"; };
		E0B233B21A69982500052C19 /* SortCell.h */ = {isa = PBXFileReference; fileEncoding = 4; lastKnownFileType = sourcecode.c.h; path = SortCell.h; sourceTree = "<group>"; };
		E0B233B31A69982500052C19 /* SortCell.m */ = {isa = PBXFileReference; fileEncoding = 4; lastKnownFileType = sourcecode.c.objc; path = SortCell.m; sourceTree = "<group>"; };
		E0D59EAC1BCB122A00282DEA /* Emperors-Bridging-Header.h */ = {isa = PBXFileReference; lastKnownFileType = sourcecode.c.h; path = "Emperors-Bridging-Header.h"; sourceTree = "<group>"; };
		E0D59EAD1BCB122A00282DEA /* EmperorShareProvider.swift */ = {isa = PBXFileReference; fileEncoding = 4; lastKnownFileType = sourcecode.swift; path = EmperorShareProvider.swift; sourceTree = "<group>"; };
		E0D8A1221A6C53DF00F9FECB /* Base */ = {isa = PBXFileReference; lastKnownFileType = file.storyboard; name = Base; path = Base.lproj/Main.storyboard; sourceTree = "<group>"; };
/* End PBXFileReference section */

/* Begin PBXFrameworksBuildPhase section */
		E01C89961A63152100946C7C /* Frameworks */ = {
			isa = PBXFrameworksBuildPhase;
			buildActionMask = 2147483647;
			files = (
			);
			runOnlyForDeploymentPostprocessing = 0;
		};
		E01C89AF1A63152100946C7C /* Frameworks */ = {
			isa = PBXFrameworksBuildPhase;
			buildActionMask = 2147483647;
			files = (
			);
			runOnlyForDeploymentPostprocessing = 0;
		};
/* End PBXFrameworksBuildPhase section */

/* Begin PBXGroup section */
		E01C89901A63152100946C7C = {
			isa = PBXGroup;
			children = (
				E01C899B1A63152100946C7C /* emperors */,
				E01C89B51A63152100946C7C /* emperorsTests */,
				E01C899A1A63152100946C7C /* Products */,
			);
			sourceTree = "<group>";
			wrapsLines = 1;
		};
		E01C899A1A63152100946C7C /* Products */ = {
			isa = PBXGroup;
			children = (
				E01C89991A63152100946C7C /* Emperors.app */,
				E01C89B21A63152100946C7C /* emperorsTests.xctest */,
			);
			name = Products;
			sourceTree = "<group>";
		};
		E01C899B1A63152100946C7C /* emperors */ = {
			isa = PBXGroup;
			children = (
				E01898841A631B6A00622CEB /* EmperorsViewController.h */,
				E01898851A631B6A00622CEB /* EmperorsViewController.m */,
				E0300C9E1A64749F008D5548 /* TitlesViewController.h */,
				E0300C9F1A64749F008D5548 /* TitlesViewController.m */,
				E0D59EAD1BCB122A00282DEA /* EmperorShareProvider.swift */,
				E0750CEF1A64652000145B79 /* Interface Files */,
				E01C899C1A63152100946C7C /* Supporting Files */,
				E00A396E1A7EB0E400663C9F /* Images.xcassets */,
				E093FC841A7DEDC100072A89 /* ModalWebViewController.h */,
				E093FC851A7DEDC100072A89 /* ModalWebViewController.m */,
				E01C89A01A63152100946C7C /* AppDelegate.h */,
				E01C89A11A63152100946C7C /* AppDelegate.m */,
				E0D59EAC1BCB122A00282DEA /* Emperors-Bridging-Header.h */,
			);
			path = emperors;
			sourceTree = "<group>";
		};
		E01C899C1A63152100946C7C /* Supporting Files */ = {
			isa = PBXGroup;
			children = (
				E093FC801A7DE15300072A89 /* bootstrap.css */,
				E0002FDF1A79813B001C5453 /* example-inscription.jpg */,
				E0002FD91A797CC3001C5453 /* help.html */,
				E0300CB91A64D8BF008D5548 /* dates.json */,
				E01898871A631DD700622CEB /* emperors.json */,
				E01C899D1A63152100946C7C /* Info.plist */,
				E01C899E1A63152100946C7C /* main.m */,
				E093FC891A7DFB8200072A89 /* about.html */,
			);
			name = "Supporting Files";
			sourceTree = "<group>";
		};
		E01C89B51A63152100946C7C /* emperorsTests */ = {
			isa = PBXGroup;
			children = (
				E01C89B81A63152100946C7C /* emperorsTests.m */,
				E01C89B61A63152100946C7C /* Supporting Files */,
			);
			path = emperorsTests;
			sourceTree = "<group>";
		};
		E01C89B61A63152100946C7C /* Supporting Files */ = {
			isa = PBXGroup;
			children = (
				E01C89B71A63152100946C7C /* Info.plist */,
			);
			name = "Supporting Files";
			sourceTree = "<group>";
		};
		E0750CEF1A64652000145B79 /* Interface Files */ = {
			isa = PBXGroup;
			children = (
				E093FC8B1A7E13FC00072A89 /* ModalWebView.xib */,
				E0D8A1211A6C53DF00F9FECB /* Main.storyboard */,
				E07360681A799ED500A3F651 /* DefaultTitlesView.xib */,
				E0B233B21A69982500052C19 /* SortCell.h */,
				E0B233B31A69982500052C19 /* SortCell.m */,
				E0750CF01A64681A00145B79 /* EmperorCell.h */,
				E0750CF11A64681A00145B79 /* EmperorCell.m */,
				E0B233AF1A6979B500052C19 /* NameCell.h */,
				E0B233B01A6979B500052C19 /* NameCell.m */,
				E01C89AB1A63152100946C7C /* LaunchScreen.xib */,
			);
			name = "Interface Files";
			sourceTree = "<group>";
		};
/* End PBXGroup section */

/* Begin PBXNativeTarget section */
		E01C89981A63152100946C7C /* Emperors */ = {
			isa = PBXNativeTarget;
			buildConfigurationList = E01C89BC1A63152100946C7C /* Build configuration list for PBXNativeTarget "Emperors" */;
			buildPhases = (
				E01C89951A63152100946C7C /* Sources */,
				E01C89961A63152100946C7C /* Frameworks */,
				E09F265C1A96602200234624 /* ShellScript */,
				E01C89971A63152100946C7C /* Resources */,
			);
			buildRules = (
			);
			dependencies = (
			);
			name = Emperors;
			productName = emperors;
			productReference = E01C89991A63152100946C7C /* Emperors.app */;
			productType = "com.apple.product-type.application";
		};
		E01C89B11A63152100946C7C /* emperorsTests */ = {
			isa = PBXNativeTarget;
			buildConfigurationList = E01C89BF1A63152100946C7C /* Build configuration list for PBXNativeTarget "emperorsTests" */;
			buildPhases = (
				E01C89AE1A63152100946C7C /* Sources */,
				E01C89AF1A63152100946C7C /* Frameworks */,
				E01C89B01A63152100946C7C /* Resources */,
			);
			buildRules = (
			);
			dependencies = (
				E01C89B41A63152100946C7C /* PBXTargetDependency */,
			);
			name = emperorsTests;
			productName = emperorsTests;
			productReference = E01C89B21A63152100946C7C /* emperorsTests.xctest */;
			productType = "com.apple.product-type.bundle.unit-test";
		};
/* End PBXNativeTarget section */

/* Begin PBXProject section */
		E01C89911A63152100946C7C /* Project object */ = {
			isa = PBXProject;
			attributes = {
				LastSwiftUpdateCheck = 0700;
				LastUpgradeCheck = 0910;
				ORGANIZATIONNAME = "Daniel Weiner";
				TargetAttributes = {
					E01C89981A63152100946C7C = {
						CreatedOnToolsVersion = 6.1.1;
						DevelopmentTeam = 5TSNJUMDQY;
						LastSwiftMigration = 0910;
					};
					E01C89B11A63152100946C7C = {
						CreatedOnToolsVersion = 6.1.1;
						LastSwiftMigration = 0810;
						TestTargetID = E01C89981A63152100946C7C;
					};
				};
			};
			buildConfigurationList = E01C89941A63152100946C7C /* Build configuration list for PBXProject "emperors" */;
			compatibilityVersion = "Xcode 3.2";
			developmentRegion = English;
			hasScannedForEncodings = 0;
			knownRegions = (
				en,
				Base,
			);
			mainGroup = E01C89901A63152100946C7C;
			productRefGroup = E01C899A1A63152100946C7C /* Products */;
			projectDirPath = "";
			projectRoot = "";
			targets = (
				E01C89981A63152100946C7C /* Emperors */,
				E01C89B11A63152100946C7C /* emperorsTests */,
			);
		};
/* End PBXProject section */

/* Begin PBXResourcesBuildPhase section */
		E01C89971A63152100946C7C /* Resources */ = {
			isa = PBXResourcesBuildPhase;
			buildActionMask = 2147483647;
			files = (
				E01C89AD1A63152100946C7C /* LaunchScreen.xib in Resources */,
				E0002FE01A79813B001C5453 /* example-inscription.jpg in Resources */,
				E093FC8C1A7E13FC00072A89 /* ModalWebView.xib in Resources */,
				E0002FDA1A797CC3001C5453 /* help.html in Resources */,
				E00A396F1A7EB0E400663C9F /* Images.xcassets in Resources */,
				E0D8A1231A6C53DF00F9FECB /* Main.storyboard in Resources */,
				E01898881A631DD700622CEB /* emperors.json in Resources */,
				E0300CBA1A64D8BF008D5548 /* dates.json in Resources */,
				E093FC8A1A7DFB8200072A89 /* about.html in Resources */,
				E093FC811A7DE15300072A89 /* bootstrap.css in Resources */,
				E07360691A799ED500A3F651 /* DefaultTitlesView.xib in Resources */,
			);
			runOnlyForDeploymentPostprocessing = 0;
		};
		E01C89B01A63152100946C7C /* Resources */ = {
			isa = PBXResourcesBuildPhase;
			buildActionMask = 2147483647;
			files = (
			);
			runOnlyForDeploymentPostprocessing = 0;
		};
/* End PBXResourcesBuildPhase section */

/* Begin PBXShellScriptBuildPhase section */
		E09F265C1A96602200234624 /* ShellScript */ = {
			isa = PBXShellScriptBuildPhase;
			buildActionMask = 2147483647;
			files = (
			);
			inputPaths = (
			);
			outputPaths = (
			);
			runOnlyForDeploymentPostprocessing = 0;
			shellPath = /bin/bash;
			shellScript = "buildNumber=$(/usr/libexec/PlistBuddy -c \"Print CFBundleVersion\" \"$INFOPLIST_FILE\")\nbuildNumber=$(($buildNumber + 1))\n/usr/libexec/PlistBuddy -c \"Set :CFBundleVersion $buildNumber\" \"$INFOPLIST_FILE\"";
		};
/* End PBXShellScriptBuildPhase section */

/* Begin PBXSourcesBuildPhase section */
		E01C89951A63152100946C7C /* Sources */ = {
			isa = PBXSourcesBuildPhase;
			buildActionMask = 2147483647;
			files = (
				E0750CF21A64681A00145B79 /* EmperorCell.m in Sources */,
				E0300CA01A64749F008D5548 /* TitlesViewController.m in Sources */,
				E0B233B11A6979B500052C19 /* NameCell.m in Sources */,
				E0B233B41A69982500052C19 /* SortCell.m in Sources */,
				E093FC861A7DEDC100072A89 /* ModalWebViewController.m in Sources */,
				E01898861A631B6A00622CEB /* EmperorsViewController.m in Sources */,
				E01C89A21A63152100946C7C /* AppDelegate.m in Sources */,
				E01C899F1A63152100946C7C /* main.m in Sources */,
				E0D59EAE1BCB122A00282DEA /* EmperorShareProvider.swift in Sources */,
			);
			runOnlyForDeploymentPostprocessing = 0;
		};
		E01C89AE1A63152100946C7C /* Sources */ = {
			isa = PBXSourcesBuildPhase;
			buildActionMask = 2147483647;
			files = (
				E01C89B91A63152100946C7C /* emperorsTests.m in Sources */,
			);
			runOnlyForDeploymentPostprocessing = 0;
		};
/* End PBXSourcesBuildPhase section */

/* Begin PBXTargetDependency section */
		E01C89B41A63152100946C7C /* PBXTargetDependency */ = {
			isa = PBXTargetDependency;
			target = E01C89981A63152100946C7C /* Emperors */;
			targetProxy = E01C89B31A63152100946C7C /* PBXContainerItemProxy */;
		};
/* End PBXTargetDependency section */

/* Begin PBXVariantGroup section */
		E01C89AB1A63152100946C7C /* LaunchScreen.xib */ = {
			isa = PBXVariantGroup;
			children = (
				E01C89AC1A63152100946C7C /* Base */,
			);
			name = LaunchScreen.xib;
			sourceTree = "<group>";
		};
		E0D8A1211A6C53DF00F9FECB /* Main.storyboard */ = {
			isa = PBXVariantGroup;
			children = (
				E0D8A1221A6C53DF00F9FECB /* Base */,
			);
			name = Main.storyboard;
			sourceTree = "<group>";
		};
/* End PBXVariantGroup section */

/* Begin XCBuildConfiguration section */
		E01C89BA1A63152100946C7C /* Debug */ = {
			isa = XCBuildConfiguration;
			buildSettings = {
				ALWAYS_SEARCH_USER_PATHS = NO;
				CLANG_CXX_LANGUAGE_STANDARD = "gnu++0x";
				CLANG_CXX_LIBRARY = "libc++";
				CLANG_ENABLE_MODULES = YES;
				CLANG_ENABLE_OBJC_ARC = YES;
				CLANG_WARN_BLOCK_CAPTURE_AUTORELEASING = YES;
				CLANG_WARN_BOOL_CONVERSION = YES;
				CLANG_WARN_COMMA = YES;
				CLANG_WARN_CONSTANT_CONVERSION = YES;
				CLANG_WARN_DIRECT_OBJC_ISA_USAGE = YES_ERROR;
				CLANG_WARN_EMPTY_BODY = YES;
				CLANG_WARN_ENUM_CONVERSION = YES;
				CLANG_WARN_INFINITE_RECURSION = YES;
				CLANG_WARN_INT_CONVERSION = YES;
				CLANG_WARN_NON_LITERAL_NULL_CONVERSION = YES;
				CLANG_WARN_OBJC_LITERAL_CONVERSION = YES;
				CLANG_WARN_OBJC_ROOT_CLASS = YES_ERROR;
				CLANG_WARN_RANGE_LOOP_ANALYSIS = YES;
				CLANG_WARN_STRICT_PROTOTYPES = YES;
				CLANG_WARN_SUSPICIOUS_MOVE = YES;
				CLANG_WARN_UNREACHABLE_CODE = YES;
				CLANG_WARN__DUPLICATE_METHOD_MATCH = YES;
				"CODE_SIGN_IDENTITY[sdk=iphoneos*]" = "iPhone Developer";
				COPY_PHASE_STRIP = NO;
				ENABLE_STRICT_OBJC_MSGSEND = YES;
				ENABLE_TESTABILITY = YES;
				GCC_C_LANGUAGE_STANDARD = gnu99;
				GCC_DYNAMIC_NO_PIC = NO;
				GCC_NO_COMMON_BLOCKS = YES;
				GCC_OPTIMIZATION_LEVEL = 0;
				GCC_PREPROCESSOR_DEFINITIONS = (
					"DEBUG=1",
					"$(inherited)",
				);
				GCC_SYMBOLS_PRIVATE_EXTERN = NO;
				GCC_WARN_64_TO_32_BIT_CONVERSION = YES;
				GCC_WARN_ABOUT_RETURN_TYPE = YES_ERROR;
				GCC_WARN_UNDECLARED_SELECTOR = YES;
				GCC_WARN_UNINITIALIZED_AUTOS = YES_AGGRESSIVE;
				GCC_WARN_UNUSED_FUNCTION = YES;
				GCC_WARN_UNUSED_VARIABLE = YES;
				IPHONEOS_DEPLOYMENT_TARGET = 9.0;
				MTL_ENABLE_DEBUG_INFO = YES;
				ONLY_ACTIVE_ARCH = YES;
				SDKROOT = iphoneos;
				TARGETED_DEVICE_FAMILY = "1,2";
			};
			name = Debug;
		};
		E01C89BB1A63152100946C7C /* Release */ = {
			isa = XCBuildConfiguration;
			buildSettings = {
				ALWAYS_SEARCH_USER_PATHS = NO;
				CLANG_CXX_LANGUAGE_STANDARD = "gnu++0x";
				CLANG_CXX_LIBRARY = "libc++";
				CLANG_ENABLE_MODULES = YES;
				CLANG_ENABLE_OBJC_ARC = YES;
				CLANG_WARN_BLOCK_CAPTURE_AUTORELEASING = YES;
				CLANG_WARN_BOOL_CONVERSION = YES;
				CLANG_WARN_COMMA = YES;
				CLANG_WARN_CONSTANT_CONVERSION = YES;
				CLANG_WARN_DIRECT_OBJC_ISA_USAGE = YES_ERROR;
				CLANG_WARN_EMPTY_BODY = YES;
				CLANG_WARN_ENUM_CONVERSION = YES;
				CLANG_WARN_INFINITE_RECURSION = YES;
				CLANG_WARN_INT_CONVERSION = YES;
				CLANG_WARN_NON_LITERAL_NULL_CONVERSION = YES;
				CLANG_WARN_OBJC_LITERAL_CONVERSION = YES;
				CLANG_WARN_OBJC_ROOT_CLASS = YES_ERROR;
				CLANG_WARN_RANGE_LOOP_ANALYSIS = YES;
				CLANG_WARN_STRICT_PROTOTYPES = YES;
				CLANG_WARN_SUSPICIOUS_MOVE = YES;
				CLANG_WARN_UNREACHABLE_CODE = YES;
				CLANG_WARN__DUPLICATE_METHOD_MATCH = YES;
				"CODE_SIGN_IDENTITY[sdk=iphoneos*]" = "iPhone Developer";
				COPY_PHASE_STRIP = YES;
				ENABLE_NS_ASSERTIONS = NO;
				ENABLE_STRICT_OBJC_MSGSEND = YES;
				GCC_C_LANGUAGE_STANDARD = gnu99;
				GCC_NO_COMMON_BLOCKS = YES;
				GCC_WARN_64_TO_32_BIT_CONVERSION = YES;
				GCC_WARN_ABOUT_RETURN_TYPE = YES_ERROR;
				GCC_WARN_UNDECLARED_SELECTOR = YES;
				GCC_WARN_UNINITIALIZED_AUTOS = YES_AGGRESSIVE;
				GCC_WARN_UNUSED_FUNCTION = YES;
				GCC_WARN_UNUSED_VARIABLE = YES;
				IPHONEOS_DEPLOYMENT_TARGET = 9.0;
				MTL_ENABLE_DEBUG_INFO = NO;
				SDKROOT = iphoneos;
				SWIFT_OPTIMIZATION_LEVEL = "-Owholemodule";
				TARGETED_DEVICE_FAMILY = "1,2";
				VALIDATE_PRODUCT = YES;
			};
			name = Release;
		};
		E01C89BD1A63152100946C7C /* Debug */ = {
			isa = XCBuildConfiguration;
			buildSettings = {
				ASSETCATALOG_COMPILER_APPICON_NAME = AppIcon;
				CLANG_ENABLE_MODULES = YES;
				CODE_SIGN_IDENTITY = "iPhone Developer";
				"CODE_SIGN_IDENTITY[sdk=iphoneos*]" = "iPhone Developer";
				DEVELOPMENT_TEAM = 5TSNJUMDQY;
				INFOPLIST_FILE = emperors/Info.plist;
				IPHONEOS_DEPLOYMENT_TARGET = 8.0;
				LD_RUNPATH_SEARCH_PATHS = "$(inherited) @executable_path/Frameworks";
				PRODUCT_BUNDLE_IDENTIFIER = "com.danielweiner.$(PRODUCT_NAME:rfc1034identifier)";
				PRODUCT_NAME = Emperors;
				PROVISIONING_PROFILE = "";
				SWIFT_OBJC_BRIDGING_HEADER = "emperors/Emperors-Bridging-Header.h";
				SWIFT_OPTIMIZATION_LEVEL = "-Onone";
				SWIFT_SWIFT3_OBJC_INFERENCE = On;
				SWIFT_VERSION = 4.0;
				TARGETED_DEVICE_FAMILY = "1,2";
			};
			name = Debug;
		};
		E01C89BE1A63152100946C7C /* Release */ = {
			isa = XCBuildConfiguration;
			buildSettings = {
				ASSETCATALOG_COMPILER_APPICON_NAME = AppIcon;
				CLANG_ENABLE_MODULES = YES;
				CODE_SIGN_IDENTITY = "iPhone Developer";
				"CODE_SIGN_IDENTITY[sdk=iphoneos*]" = "iPhone Developer";
				DEVELOPMENT_TEAM = 5TSNJUMDQY;
				INFOPLIST_FILE = emperors/Info.plist;
				IPHONEOS_DEPLOYMENT_TARGET = 8.0;
				LD_RUNPATH_SEARCH_PATHS = "$(inherited) @executable_path/Frameworks";
				PRODUCT_BUNDLE_IDENTIFIER = "com.danielweiner.$(PRODUCT_NAME:rfc1034identifier)";
				PRODUCT_NAME = Emperors;
				PROVISIONING_PROFILE = "";
				SWIFT_OBJC_BRIDGING_HEADER = "emperors/Emperors-Bridging-Header.h";
				SWIFT_SWIFT3_OBJC_INFERENCE = On;
				SWIFT_VERSION = 4.0;
				TARGETED_DEVICE_FAMILY = "1,2";
			};
			name = Release;
		};
		E01C89C01A63152100946C7C /* Debug */ = {
			isa = XCBuildConfiguration;
			buildSettings = {
				ALWAYS_EMBED_SWIFT_STANDARD_LIBRARIES = YES;
				BUNDLE_LOADER = "$(TEST_HOST)";
				FRAMEWORK_SEARCH_PATHS = (
					"$(SDKROOT)/Developer/Library/Frameworks",
					"$(inherited)",
				);
				GCC_PREPROCESSOR_DEFINITIONS = (
					"DEBUG=1",
					"$(inherited)",
				);
				INFOPLIST_FILE = emperorsTests/Info.plist;
				LD_RUNPATH_SEARCH_PATHS = "$(inherited) @executable_path/Frameworks @loader_path/Frameworks";
				PRODUCT_BUNDLE_IDENTIFIER = "com.danielweiner.$(PRODUCT_NAME:rfc1034identifier)";
				PRODUCT_NAME = emperorsTests;
				SWIFT_VERSION = 3.0;
				TEST_HOST = "$(BUILT_PRODUCTS_DIR)/Emperors.app/Emperors";
			};
			name = Debug;
		};
		E01C89C11A63152100946C7C /* Release */ = {
			isa = XCBuildConfiguration;
			buildSettings = {
				ALWAYS_EMBED_SWIFT_STANDARD_LIBRARIES = YES;
				BUNDLE_LOADER = "$(TEST_HOST)";
				FRAMEWORK_SEARCH_PATHS = (
					"$(SDKROOT)/Developer/Library/Frameworks",
					"$(inherited)",
				);
				INFOPLIST_FILE = emperorsTests/Info.plist;
				LD_RUNPATH_SEARCH_PATHS = "$(inherited) @executable_path/Frameworks @loader_path/Frameworks";
				PRODUCT_BUNDLE_IDENTIFIER = "com.danielweiner.$(PRODUCT_NAME:rfc1034identifier)";
				PRODUCT_NAME = emperorsTests;
				SWIFT_VERSION = 3.0;
				TEST_HOST = "$(BUILT_PRODUCTS_DIR)/Emperors.app/Emperors";
			};
			name = Release;
		};
/* End XCBuildConfiguration section */

/* Begin XCConfigurationList section */
		E01C89941A63152100946C7C /* Build configuration list for PBXProject "emperors" */ = {
			isa = XCConfigurationList;
			buildConfigurations = (
				E01C89BA1A63152100946C7C /* Debug */,
				E01C89BB1A63152100946C7C /* Release */,
			);
			defaultConfigurationIsVisible = 0;
			defaultConfigurationName = Release;
		};
		E01C89BC1A63152100946C7C /* Build configuration list for PBXNativeTarget "Emperors" */ = {
			isa = XCConfigurationList;
			buildConfigurations = (
				E01C89BD1A63152100946C7C /* Debug */,
				E01C89BE1A63152100946C7C /* Release */,
			);
			defaultConfigurationIsVisible = 0;
			defaultConfigurationName = Release;
		};
		E01C89BF1A63152100946C7C /* Build configuration list for PBXNativeTarget "emperorsTests" */ = {
			isa = XCConfigurationList;
			buildConfigurations = (
				E01C89C01A63152100946C7C /* Debug */,
				E01C89C11A63152100946C7C /* Release */,
			);
			defaultConfigurationIsVisible = 0;
			defaultConfigurationName = Release;
		};
/* End XCConfigurationList section */
	};
	rootObject = E01C89911A63152100946C7C /* Project object */;
}
